
Microsoft Visual Studio Solution File, Format Version 12.00
# Visual Studio Version 17
VisualStudioVersion = 17.4.33110.190
MinimumVisualStudioVersion = 10.0.40219.1
Project("{9A19103F-16F7-4668-BE54-9A1E7A4F7556}") = "Web_API", "MBDWebAPI\Web_API.csproj", "{CD4FFF28-E243-4389-AF64-4F19A13D994F}"
EndProject
Global
	GlobalSection(SolutionConfigurationPlatforms) = preSolution
		Debug|Any CPU = Debug|Any CPU
		Release|Any CPU = Release|Any CPU
	EndGlobalSection
	GlobalSection(ProjectConfigurationPlatforms) = postSolution
		{CD4FFF28-E243-4389-AF64-4F19A13D994F}.Debug|Any CPU.ActiveCfg = Debug|Any CPU
		{CD4FFF28-E243-4389-AF64-4F19A13D994F}.Debug|Any CPU.Build.0 = Debug|Any CPU
		{CD4FFF28-E243-4389-AF64-4F19A13D994F}.Release|Any CPU.ActiveCfg = Release|Any CPU
		{CD4FFF28-E243-4389-AF64-4F19A13D994F}.Release|Any CPU.Build.0 = Release|Any CPU
	EndGlobalSection
	GlobalSection(SolutionProperties) = preSolution
		HideSolutionNode = FALSE
	EndGlobalSection
	GlobalSection(ExtensibilityGlobals) = postSolution
		SolutionGuid = {6205C830-4DF6-48D8-8005-1702BE9AE60A}
	EndGlobalSection
EndGlobal
